# Code generated by scarb DO NOT EDIT.
version = 1

[[package]]
name = "caps"
version = "1.5.0"
dependencies = [
 "dojo",
 "dojo_cairo_test",
]

[[package]]
name = "dojo"
version = "1.5.1"
source = "git+https://github.com/dojoengine/dojo?tag=v1.6.0-alpha.0#5af0c488633346d845345a7185f455e0d88d0295"
dependencies = [
 "dojo_plugin",
]

[[package]]
name = "dojo_cairo_test"
version = "1.0.12"
source = "git+https://github.com/dojoengine/dojo?tag=v1.6.0-alpha.0#5af0c488633346d845345a7185f455e0d88d0295"
dependencies = [
 "dojo",
]

[[package]]
name = "dojo_plugin"
version = "2.10.1"
source = "git+https://github.com/dojoengine/dojo?tag=v1.6.0-alpha.0#5af0c488633346d845345a7185f455e0d88d0295"
